
Microsoft Visual Studio Solution File, Format Version 12.00
# Visual Studio Version 17
VisualStudioVersion = 17.5.33502.453
MinimumVisualStudioVersion = 10.0.40219.1
Project("{2150E333-8FDC-42A3-9474-1A3956D46DE8}") = "src", "src", "{7EEBE909-E0A9-4170-8022-2F165699D490}"
EndProject
Project("{2150E333-8FDC-42A3-9474-1A3956D46DE8}") = "tests", "tests", "{AE6169A2-0EAD-4737-BA70-995CC321BB0D}"
EndProject
Project("{9A19103F-16F7-4668-BE54-9A1E7A4F7556}") = "Application.BlazorServer", "Application.BlazorServer\Application.BlazorServer.csproj", "{0AE9E6E0-D6F6-4934-A4CA-C802AEBCCEE0}"
EndProject
Project("{9A19103F-16F7-4668-BE54-9A1E7A4F7556}") = "DataManager.ApiServer", "DataManager.ApiServer\DataManager.ApiServer.csproj", "{64338367-AFC0-4229-9917-38C61EBE6939}"
EndProject
Project("{9A19103F-16F7-4668-BE54-9A1E7A4F7556}") = "Application.Libraries", "Application.Libraries\Application.Libraries.csproj", "{6C2D3289-5707-457C-9DE4-54810CA41549}"
EndProject
Project("{9A19103F-16F7-4668-BE54-9A1E7A4F7556}") = "Application.Services", "Application.Services\Application.Services.csproj", "{9AE6C8E3-FE63-4BFC-B923-34B689509418}"
EndProject
Project("{9A19103F-16F7-4668-BE54-9A1E7A4F7556}") = "DataManager.Models", "DataManager.Models\DataManager.Models.csproj", "{38C00ED2-4C5B-46F7-A5F0-1C284D1F653D}"
EndProject
Project("{9A19103F-16F7-4668-BE54-9A1E7A4F7556}") = "DataManager.Libraries", "DataManager.Libraries\DataManager.Libraries.csproj", "{E370C8B1-6761-438B-A943-F9F3540338A5}"
EndProject
Project("{9A19103F-16F7-4668-BE54-9A1E7A4F7556}") = "DataManager.Services", "DataManager.Services\DataManager.Services.csproj", "{7F3030E2-1503-4B4A-B521-716D6CEF8AE8}"
EndProject
Project("{2150E333-8FDC-42A3-9474-1A3956D46DE8}") = "data", "data", "{8B748A0C-3501-4355-ADCC-52841D8194ED}"
EndProject
Project("{9A19103F-16F7-4668-BE54-9A1E7A4F7556}") = "Application.Models", "Application.Models\Application.Models.csproj", "{43241F68-50B3-4DCD-99C4-787152A2C31C}"
EndProject
Project("{9A19103F-16F7-4668-BE54-9A1E7A4F7556}") = "Application.MauiBlazor", "Application.MauiBlazor\Application.MauiBlazor.csproj", "{27B37447-BC6A-4CD1-96A2-714FBE9EB6C1}"
EndProject
Project("{9A19103F-16F7-4668-BE54-9A1E7A4F7556}") = "Application.Libraries.Test", "Application.Libraries.Test\Application.Libraries.Test.csproj", "{F0A4B2EF-7700-4DD6-B547-DD1DAF2DBF91}"
EndProject
Project("{9A19103F-16F7-4668-BE54-9A1E7A4F7556}") = "Application.WebApi", "Application.WebApi\Application.WebApi.csproj", "{FD53532B-B9CE-4C7B-9B66-9A41548C4504}"
EndProject
Project("{9A19103F-16F7-4668-BE54-9A1E7A4F7556}") = "Application.JarBinding", "Application.JarBinding\Application.JarBinding.csproj", "{8406B7F6-8579-4637-A1FF-9BDF97080596}"
EndProject
Project("{9A19103F-16F7-4668-BE54-9A1E7A4F7556}") = "Application.Services.Test", "Application.Services.Test\Application.Services.Test.csproj", "{DF4DEB44-F9A5-4430-A32E-4DF1C6179F4C}"
EndProject
Global
	GlobalSection(SolutionConfigurationPlatforms) = preSolution
		Debug|Any CPU = Debug|Any CPU
		Debug|x64 = Debug|x64
		Debug|x86 = Debug|x86
		Release|Any CPU = Release|Any CPU
		Release|x64 = Release|x64
		Release|x86 = Release|x86
	EndGlobalSection
	GlobalSection(ProjectConfigurationPlatforms) = postSolution
		{0AE9E6E0-D6F6-4934-A4CA-C802AEBCCEE0}.Debug|Any CPU.ActiveCfg = Debug|Any CPU
		{0AE9E6E0-D6F6-4934-A4CA-C802AEBCCEE0}.Debug|Any CPU.Build.0 = Debug|Any CPU
		{0AE9E6E0-D6F6-4934-A4CA-C802AEBCCEE0}.Debug|x64.ActiveCfg = Debug|x64
		{0AE9E6E0-D6F6-4934-A4CA-C802AEBCCEE0}.Debug|x64.Build.0 = Debug|x64
		{0AE9E6E0-D6F6-4934-A4CA-C802AEBCCEE0}.Debug|x86.ActiveCfg = Debug|x86
		{0AE9E6E0-D6F6-4934-A4CA-C802AEBCCEE0}.Debug|x86.Build.0 = Debug|x86
		{0AE9E6E0-D6F6-4934-A4CA-C802AEBCCEE0}.Release|Any CPU.ActiveCfg = Release|Any CPU
		{0AE9E6E0-D6F6-4934-A4CA-C802AEBCCEE0}.Release|Any CPU.Build.0 = Release|Any CPU
		{0AE9E6E0-D6F6-4934-A4CA-C802AEBCCEE0}.Release|x64.ActiveCfg = Release|x64
		{0AE9E6E0-D6F6-4934-A4CA-C802AEBCCEE0}.Release|x64.Build.0 = Release|x64
		{0AE9E6E0-D6F6-4934-A4CA-C802AEBCCEE0}.Release|x86.ActiveCfg = Release|x86
		{0AE9E6E0-D6F6-4934-A4CA-C802AEBCCEE0}.Release|x86.Build.0 = Release|x86
		{64338367-AFC0-4229-9917-38C61EBE6939}.Debug|Any CPU.ActiveCfg = Debug|Any CPU
		{64338367-AFC0-4229-9917-38C61EBE6939}.Debug|Any CPU.Build.0 = Debug|Any CPU
		{64338367-AFC0-4229-9917-38C61EBE6939}.Debug|x64.ActiveCfg = Debug|x64
		{64338367-AFC0-4229-9917-38C61EBE6939}.Debug|x64.Build.0 = Debug|x64
		{64338367-AFC0-4229-9917-38C61EBE6939}.Debug|x86.ActiveCfg = Debug|Any CPU
		{64338367-AFC0-4229-9917-38C61EBE6939}.Debug|x86.Build.0 = Debug|Any CPU
		{64338367-AFC0-4229-9917-38C61EBE6939}.Release|Any CPU.ActiveCfg = Release|Any CPU
		{64338367-AFC0-4229-9917-38C61EBE6939}.Release|Any CPU.Build.0 = Release|Any CPU
		{64338367-AFC0-4229-9917-38C61EBE6939}.Release|x64.ActiveCfg = Release|x64
		{64338367-AFC0-4229-9917-38C61EBE6939}.Release|x64.Build.0 = Release|x64
		{64338367-AFC0-4229-9917-38C61EBE6939}.Release|x86.ActiveCfg = Release|Any CPU
		{64338367-AFC0-4229-9917-38C61EBE6939}.Release|x86.Build.0 = Release|Any CPU
		{6C2D3289-5707-457C-9DE4-54810CA41549}.Debug|Any CPU.ActiveCfg = Debug|Any CPU
		{6C2D3289-5707-457C-9DE4-54810CA41549}.Debug|Any CPU.Build.0 = Debug|Any CPU
		{6C2D3289-5707-457C-9DE4-54810CA41549}.Debug|x64.ActiveCfg = Debug|x64
		{6C2D3289-5707-457C-9DE4-54810CA41549}.Debug|x64.Build.0 = Debug|x64
		{6C2D3289-5707-457C-9DE4-54810CA41549}.Debug|x86.ActiveCfg = Debug|Any CPU
		{6C2D3289-5707-457C-9DE4-54810CA41549}.Debug|x86.Build.0 = Debug|Any CPU
		{6C2D3289-5707-457C-9DE4-54810CA41549}.Release|Any CPU.ActiveCfg = Release|Any CPU
		{6C2D3289-5707-457C-9DE4-54810CA41549}.Release|Any CPU.Build.0 = Release|Any CPU
		{6C2D3289-5707-457C-9DE4-54810CA41549}.Release|x64.ActiveCfg = Release|x64
		{6C2D3289-5707-457C-9DE4-54810CA41549}.Release|x64.Build.0 = Release|x64
		{6C2D3289-5707-457C-9DE4-54810CA41549}.Release|x86.ActiveCfg = Release|Any CPU
		{6C2D3289-5707-457C-9DE4-54810CA41549}.Release|x86.Build.0 = Release|Any CPU
		{9AE6C8E3-FE63-4BFC-B923-34B689509418}.Debug|Any CPU.ActiveCfg = Debug|Any CPU
		{9AE6C8E3-FE63-4BFC-B923-34B689509418}.Debug|Any CPU.Build.0 = Debug|Any CPU
		{9AE6C8E3-FE63-4BFC-B923-34B689509418}.Debug|x64.ActiveCfg = Debug|x64
		{9AE6C8E3-FE63-4BFC-B923-34B689509418}.Debug|x64.Build.0 = Debug|x64
		{9AE6C8E3-FE63-4BFC-B923-34B689509418}.Debug|x86.ActiveCfg = Debug|Any CPU
		{9AE6C8E3-FE63-4BFC-B923-34B689509418}.Debug|x86.Build.0 = Debug|Any CPU
		{9AE6C8E3-FE63-4BFC-B923-34B689509418}.Release|Any CPU.ActiveCfg = Release|Any CPU
		{9AE6C8E3-FE63-4BFC-B923-34B689509418}.Release|Any CPU.Build.0 = Release|Any CPU
		{9AE6C8E3-FE63-4BFC-B923-34B689509418}.Release|x64.ActiveCfg = Release|x64
		{9AE6C8E3-FE63-4BFC-B923-34B689509418}.Release|x64.Build.0 = Release|x64
		{9AE6C8E3-FE63-4BFC-B923-34B689509418}.Release|x86.ActiveCfg = Release|Any CPU
		{9AE6C8E3-FE63-4BFC-B923-34B689509418}.Release|x86.Build.0 = Release|Any CPU
		{38C00ED2-4C5B-46F7-A5F0-1C284D1F653D}.Debug|Any CPU.ActiveCfg = Debug|Any CPU
		{38C00ED2-4C5B-46F7-A5F0-1C284D1F653D}.Debug|Any CPU.Build.0 = Debug|Any CPU
		{38C00ED2-4C5B-46F7-A5F0-1C284D1F653D}.Debug|x64.ActiveCfg = Debug|x64
		{38C00ED2-4C5B-46F7-A5F0-1C284D1F653D}.Debug|x64.Build.0 = Debug|x64
		{38C00ED2-4C5B-46F7-A5F0-1C284D1F653D}.Debug|x86.ActiveCfg = Debug|Any CPU
		{38C00ED2-4C5B-46F7-A5F0-1C284D1F653D}.Debug|x86.Build.0 = Debug|Any CPU
		{38C00ED2-4C5B-46F7-A5F0-1C284D1F653D}.Release|Any CPU.ActiveCfg = Release|Any CPU
		{38C00ED2-4C5B-46F7-A5F0-1C284D1F653D}.Release|Any CPU.Build.0 = Release|Any CPU
		{38C00ED2-4C5B-46F7-A5F0-1C284D1F653D}.Release|x64.ActiveCfg = Release|x64
		{38C00ED2-4C5B-46F7-A5F0-1C284D1F653D}.Release|x64.Build.0 = Release|x64
		{38C00ED2-4C5B-46F7-A5F0-1C284D1F653D}.Release|x86.ActiveCfg = Release|Any CPU
		{38C00ED2-4C5B-46F7-A5F0-1C284D1F653D}.Release|x86.Build.0 = Release|Any CPU
		{E370C8B1-6761-438B-A943-F9F3540338A5}.Debug|Any CPU.ActiveCfg = Debug|Any CPU
		{E370C8B1-6761-438B-A943-F9F3540338A5}.Debug|Any CPU.Build.0 = Debug|Any CPU
		{E370C8B1-6761-438B-A943-F9F3540338A5}.Debug|x64.ActiveCfg = Debug|x64
		{E370C8B1-6761-438B-A943-F9F3540338A5}.Debug|x64.Build.0 = Debug|x64
		{E370C8B1-6761-438B-A943-F9F3540338A5}.Debug|x86.ActiveCfg = Debug|Any CPU
		{E370C8B1-6761-438B-A943-F9F3540338A5}.Debug|x86.Build.0 = Debug|Any CPU
		{E370C8B1-6761-438B-A943-F9F3540338A5}.Release|Any CPU.ActiveCfg = Release|Any CPU
		{E370C8B1-6761-438B-A943-F9F3540338A5}.Release|Any CPU.Build.0 = Release|Any CPU
		{E370C8B1-6761-438B-A943-F9F3540338A5}.Release|x64.ActiveCfg = Release|x64
		{E370C8B1-6761-438B-A943-F9F3540338A5}.Release|x64.Build.0 = Release|x64
		{E370C8B1-6761-438B-A943-F9F3540338A5}.Release|x86.ActiveCfg = Release|Any CPU
		{E370C8B1-6761-438B-A943-F9F3540338A5}.Release|x86.Build.0 = Release|Any CPU
		{7F3030E2-1503-4B4A-B521-716D6CEF8AE8}.Debug|Any CPU.ActiveCfg = Debug|Any CPU
		{7F3030E2-1503-4B4A-B521-716D6CEF8AE8}.Debug|Any CPU.Build.0 = Debug|Any CPU
		{7F3030E2-1503-4B4A-B521-716D6CEF8AE8}.Debug|x64.ActiveCfg = Debug|x64
		{7F3030E2-1503-4B4A-B521-716D6CEF8AE8}.Debug|x64.Build.0 = Debug|x64
		{7F3030E2-1503-4B4A-B521-716D6CEF8AE8}.Debug|x86.ActiveCfg = Debug|Any CPU
		{7F3030E2-1503-4B4A-B521-716D6CEF8AE8}.Debug|x86.Build.0 = Debug|Any CPU
		{7F3030E2-1503-4B4A-B521-716D6CEF8AE8}.Release|Any CPU.ActiveCfg = Release|Any CPU
		{7F3030E2-1503-4B4A-B521-716D6CEF8AE8}.Release|Any CPU.Build.0 = Release|Any CPU
		{7F3030E2-1503-4B4A-B521-716D6CEF8AE8}.Release|x64.ActiveCfg = Release|x64
		{7F3030E2-1503-4B4A-B521-716D6CEF8AE8}.Release|x64.Build.0 = Release|x64
		{7F3030E2-1503-4B4A-B521-716D6CEF8AE8}.Release|x86.ActiveCfg = Release|Any CPU
		{7F3030E2-1503-4B4A-B521-716D6CEF8AE8}.Release|x86.Build.0 = Release|Any CPU
		{43241F68-50B3-4DCD-99C4-787152A2C31C}.Debug|Any CPU.ActiveCfg = Debug|Any CPU
		{43241F68-50B3-4DCD-99C4-787152A2C31C}.Debug|Any CPU.Build.0 = Debug|Any CPU
		{43241F68-50B3-4DCD-99C4-787152A2C31C}.Debug|x64.ActiveCfg = Debug|x64
		{43241F68-50B3-4DCD-99C4-787152A2C31C}.Debug|x64.Build.0 = Debug|x64
		{43241F68-50B3-4DCD-99C4-787152A2C31C}.Debug|x86.ActiveCfg = Debug|Any CPU
		{43241F68-50B3-4DCD-99C4-787152A2C31C}.Debug|x86.Build.0 = Debug|Any CPU
		{43241F68-50B3-4DCD-99C4-787152A2C31C}.Release|Any CPU.ActiveCfg = Release|Any CPU
		{43241F68-50B3-4DCD-99C4-787152A2C31C}.Release|Any CPU.Build.0 = Release|Any CPU
		{43241F68-50B3-4DCD-99C4-787152A2C31C}.Release|x64.ActiveCfg = Release|x64
		{43241F68-50B3-4DCD-99C4-787152A2C31C}.Release|x64.Build.0 = Release|x64
		{43241F68-50B3-4DCD-99C4-787152A2C31C}.Release|x86.ActiveCfg = Release|Any CPU
		{43241F68-50B3-4DCD-99C4-787152A2C31C}.Release|x86.Build.0 = Release|Any CPU
		{27B37447-BC6A-4CD1-96A2-714FBE9EB6C1}.Debug|Any CPU.ActiveCfg = Debug|Any CPU
		{27B37447-BC6A-4CD1-96A2-714FBE9EB6C1}.Debug|Any CPU.Build.0 = Debug|Any CPU
		{27B37447-BC6A-4CD1-96A2-714FBE9EB6C1}.Debug|Any CPU.Deploy.0 = Debug|Any CPU
		{27B37447-BC6A-4CD1-96A2-714FBE9EB6C1}.Debug|x64.ActiveCfg = Debug|x64
		{27B37447-BC6A-4CD1-96A2-714FBE9EB6C1}.Debug|x64.Build.0 = Debug|x64
		{27B37447-BC6A-4CD1-96A2-714FBE9EB6C1}.Debug|x64.Deploy.0 = Debug|x64
		{27B37447-BC6A-4CD1-96A2-714FBE9EB6C1}.Debug|x86.ActiveCfg = Debug|Any CPU
		{27B37447-BC6A-4CD1-96A2-714FBE9EB6C1}.Debug|x86.Build.0 = Debug|Any CPU
		{27B37447-BC6A-4CD1-96A2-714FBE9EB6C1}.Debug|x86.Deploy.0 = Debug|Any CPU
		{27B37447-BC6A-4CD1-96A2-714FBE9EB6C1}.Release|Any CPU.ActiveCfg = Release|Any CPU
		{27B37447-BC6A-4CD1-96A2-714FBE9EB6C1}.Release|Any CPU.Build.0 = Release|Any CPU
		{27B37447-BC6A-4CD1-96A2-714FBE9EB6C1}.Release|Any CPU.Deploy.0 = Release|Any CPU
		{27B37447-BC6A-4CD1-96A2-714FBE9EB6C1}.Release|x64.ActiveCfg = Release|x64
		{27B37447-BC6A-4CD1-96A2-714FBE9EB6C1}.Release|x64.Build.0 = Release|x64
		{27B37447-BC6A-4CD1-96A2-714FBE9EB6C1}.Release|x64.Deploy.0 = Release|x64
		{27B37447-BC6A-4CD1-96A2-714FBE9EB6C1}.Release|x86.ActiveCfg = Release|Any CPU
		{27B37447-BC6A-4CD1-96A2-714FBE9EB6C1}.Release|x86.Build.0 = Release|Any CPU
		{27B37447-BC6A-4CD1-96A2-714FBE9EB6C1}.Release|x86.Deploy.0 = Release|Any CPU
		{F0A4B2EF-7700-4DD6-B547-DD1DAF2DBF91}.Debug|Any CPU.ActiveCfg = Debug|Any CPU
		{F0A4B2EF-7700-4DD6-B547-DD1DAF2DBF91}.Debug|Any CPU.Build.0 = Debug|Any CPU
		{F0A4B2EF-7700-4DD6-B547-DD1DAF2DBF91}.Debug|x64.ActiveCfg = Debug|Any CPU
		{F0A4B2EF-7700-4DD6-B547-DD1DAF2DBF91}.Debug|x64.Build.0 = Debug|Any CPU
		{F0A4B2EF-7700-4DD6-B547-DD1DAF2DBF91}.Debug|x86.ActiveCfg = Debug|Any CPU
		{F0A4B2EF-7700-4DD6-B547-DD1DAF2DBF91}.Debug|x86.Build.0 = Debug|Any CPU
		{F0A4B2EF-7700-4DD6-B547-DD1DAF2DBF91}.Release|Any CPU.ActiveCfg = Release|Any CPU
		{F0A4B2EF-7700-4DD6-B547-DD1DAF2DBF91}.Release|Any CPU.Build.0 = Release|Any CPU
		{F0A4B2EF-7700-4DD6-B547-DD1DAF2DBF91}.Release|x64.ActiveCfg = Release|Any CPU
		{F0A4B2EF-7700-4DD6-B547-DD1DAF2DBF91}.Release|x64.Build.0 = Release|Any CPU
		{F0A4B2EF-7700-4DD6-B547-DD1DAF2DBF91}.Release|x86.ActiveCfg = Release|Any CPU
		{F0A4B2EF-7700-4DD6-B547-DD1DAF2DBF91}.Release|x86.Build.0 = Release|Any CPU
		{FD53532B-B9CE-4C7B-9B66-9A41548C4504}.Debug|Any CPU.ActiveCfg = Debug|Any CPU
		{FD53532B-B9CE-4C7B-9B66-9A41548C4504}.Debug|Any CPU.Build.0 = Debug|Any CPU
		{FD53532B-B9CE-4C7B-9B66-9A41548C4504}.Debug|x64.ActiveCfg = Debug|Any CPU
		{FD53532B-B9CE-4C7B-9B66-9A41548C4504}.Debug|x64.Build.0 = Debug|Any CPU
		{FD53532B-B9CE-4C7B-9B66-9A41548C4504}.Debug|x86.ActiveCfg = Debug|Any CPU
		{FD53532B-B9CE-4C7B-9B66-9A41548C4504}.Debug|x86.Build.0 = Debug|Any CPU
		{FD53532B-B9CE-4C7B-9B66-9A41548C4504}.Release|Any CPU.ActiveCfg = Release|Any CPU
		{FD53532B-B9CE-4C7B-9B66-9A41548C4504}.Release|Any CPU.Build.0 = Release|Any CPU
		{FD53532B-B9CE-4C7B-9B66-9A41548C4504}.Release|x64.ActiveCfg = Release|Any CPU
		{FD53532B-B9CE-4C7B-9B66-9A41548C4504}.Release|x64.Build.0 = Release|Any CPU
		{FD53532B-B9CE-4C7B-9B66-9A41548C4504}.Release|x86.ActiveCfg = Release|Any CPU
		{FD53532B-B9CE-4C7B-9B66-9A41548C4504}.Release|x86.Build.0 = Release|Any CPU
		{8406B7F6-8579-4637-A1FF-9BDF97080596}.Debug|Any CPU.ActiveCfg = Debug|Any CPU
		{8406B7F6-8579-4637-A1FF-9BDF97080596}.Debug|Any CPU.Build.0 = Debug|Any CPU
		{8406B7F6-8579-4637-A1FF-9BDF97080596}.Debug|x64.ActiveCfg = Debug|Any CPU
		{8406B7F6-8579-4637-A1FF-9BDF97080596}.Debug|x64.Build.0 = Debug|Any CPU
		{8406B7F6-8579-4637-A1FF-9BDF97080596}.Debug|x86.ActiveCfg = Debug|Any CPU
		{8406B7F6-8579-4637-A1FF-9BDF97080596}.Debug|x86.Build.0 = Debug|Any CPU
		{8406B7F6-8579-4637-A1FF-9BDF97080596}.Release|Any CPU.ActiveCfg = Release|Any CPU
		{8406B7F6-8579-4637-A1FF-9BDF97080596}.Release|Any CPU.Build.0 = Release|Any CPU
		{8406B7F6-8579-4637-A1FF-9BDF97080596}.Release|x64.ActiveCfg = Release|Any CPU
		{8406B7F6-8579-4637-A1FF-9BDF97080596}.Release|x64.Build.0 = Release|Any CPU
		{8406B7F6-8579-4637-A1FF-9BDF97080596}.Release|x86.ActiveCfg = Release|Any CPU
		{8406B7F6-8579-4637-A1FF-9BDF97080596}.Release|x86.Build.0 = Release|Any CPU
		{DF4DEB44-F9A5-4430-A32E-4DF1C6179F4C}.Debug|Any CPU.ActiveCfg = Debug|Any CPU
		{DF4DEB44-F9A5-4430-A32E-4DF1C6179F4C}.Debug|Any CPU.Build.0 = Debug|Any CPU
		{DF4DEB44-F9A5-4430-A32E-4DF1C6179F4C}.Debug|x64.ActiveCfg = Debug|Any CPU
		{DF4DEB44-F9A5-4430-A32E-4DF1C6179F4C}.Debug|x64.Build.0 = Debug|Any CPU
		{DF4DEB44-F9A5-4430-A32E-4DF1C6179F4C}.Debug|x86.ActiveCfg = Debug|Any CPU
		{DF4DEB44-F9A5-4430-A32E-4DF1C6179F4C}.Debug|x86.Build.0 = Debug|Any CPU
		{DF4DEB44-F9A5-4430-A32E-4DF1C6179F4C}.Release|Any CPU.ActiveCfg = Release|Any CPU
		{DF4DEB44-F9A5-4430-A32E-4DF1C6179F4C}.Release|Any CPU.Build.0 = Release|Any CPU
		{DF4DEB44-F9A5-4430-A32E-4DF1C6179F4C}.Release|x64.ActiveCfg = Release|Any CPU
		{DF4DEB44-F9A5-4430-A32E-4DF1C6179F4C}.Release|x64.Build.0 = Release|Any CPU
		{DF4DEB44-F9A5-4430-A32E-4DF1C6179F4C}.Release|x86.ActiveCfg = Release|Any CPU
		{DF4DEB44-F9A5-4430-A32E-4DF1C6179F4C}.Release|x86.Build.0 = Release|Any CPU
	EndGlobalSection
	GlobalSection(SolutionProperties) = preSolution
		HideSolutionNode = FALSE
	EndGlobalSection
	GlobalSection(NestedProjects) = preSolution
		{0AE9E6E0-D6F6-4934-A4CA-C802AEBCCEE0} = {7EEBE909-E0A9-4170-8022-2F165699D490}
		{64338367-AFC0-4229-9917-38C61EBE6939} = {8B748A0C-3501-4355-ADCC-52841D8194ED}
		{6C2D3289-5707-457C-9DE4-54810CA41549} = {7EEBE909-E0A9-4170-8022-2F165699D490}
		{9AE6C8E3-FE63-4BFC-B923-34B689509418} = {7EEBE909-E0A9-4170-8022-2F165699D490}
		{38C00ED2-4C5B-46F7-A5F0-1C284D1F653D} = {8B748A0C-3501-4355-ADCC-52841D8194ED}
		{E370C8B1-6761-438B-A943-F9F3540338A5} = {8B748A0C-3501-4355-ADCC-52841D8194ED}
		{7F3030E2-1503-4B4A-B521-716D6CEF8AE8} = {8B748A0C-3501-4355-ADCC-52841D8194ED}
		{43241F68-50B3-4DCD-99C4-787152A2C31C} = {7EEBE909-E0A9-4170-8022-2F165699D490}
		{27B37447-BC6A-4CD1-96A2-714FBE9EB6C1} = {7EEBE909-E0A9-4170-8022-2F165699D490}
		{F0A4B2EF-7700-4DD6-B547-DD1DAF2DBF91} = {AE6169A2-0EAD-4737-BA70-995CC321BB0D}
		{FD53532B-B9CE-4C7B-9B66-9A41548C4504} = {7EEBE909-E0A9-4170-8022-2F165699D490}
		{8406B7F6-8579-4637-A1FF-9BDF97080596} = {7EEBE909-E0A9-4170-8022-2F165699D490}
		{DF4DEB44-F9A5-4430-A32E-4DF1C6179F4C} = {AE6169A2-0EAD-4737-BA70-995CC321BB0D}
	EndGlobalSection
	GlobalSection(ExtensibilityGlobals) = postSolution
		SolutionGuid = {DAA611E5-F97A-416C-86BD-C388499DE42F}
	EndGlobalSection
EndGlobal
